// !$*UTF8*$!
{
	archiveVersion = 1;
	classes = {
	};
	objectVersion = 55;
	objects = {

/* Begin PBXBuildFile section */
		0A674129E5923BB055B41263 /* Pods_SelfMessenger.framework in Frameworks */ = {isa = PBXBuildFile; fileRef = DAE5058FB0753FDB02785909 /* Pods_SelfMessenger.framework */; };
		A83F378D27AE817300766A40 /* AppDelegate.swift in Sources */ = {isa = PBXBuildFile; fileRef = A83F378C27AE817300766A40 /* AppDelegate.swift */; };
		A83F378F27AE817300766A40 /* SceneDelegate.swift in Sources */ = {isa = PBXBuildFile; fileRef = A83F378E27AE817300766A40 /* SceneDelegate.swift */; };
		A83F379427AE817300766A40 /* Main.storyboard in Resources */ = {isa = PBXBuildFile; fileRef = A83F379227AE817300766A40 /* Main.storyboard */; };
		A83F379627AE817400766A40 /* Assets.xcassets in Resources */ = {isa = PBXBuildFile; fileRef = A83F379527AE817400766A40 /* Assets.xcassets */; };
		A83F379927AE817400766A40 /* LaunchScreen.storyboard in Resources */ = {isa = PBXBuildFile; fileRef = A83F379727AE817400766A40 /* LaunchScreen.storyboard */; };
		A83F37B727AE875500766A40 /* chat_mock.json in Resources */ = {isa = PBXBuildFile; fileRef = A83F37AB27AE875500766A40 /* chat_mock.json */; };
		A83F37B827AE875500766A40 /* ChatViewController.swift in Sources */ = {isa = PBXBuildFile; fileRef = A83F37AD27AE875500766A40 /* ChatViewController.swift */; };
		A83F37B927AE875500766A40 /* ChatListViewController.swift in Sources */ = {isa = PBXBuildFile; fileRef = A83F37AE27AE875500766A40 /* ChatListViewController.swift */; };
		A83F37BA27AE875500766A40 /* ChatTableViewCell.swift in Sources */ = {isa = PBXBuildFile; fileRef = A83F37B027AE875500766A40 /* ChatTableViewCell.swift */; };
		A83F37BB27AE875500766A40 /* FriendTableViewCell.swift in Sources */ = {isa = PBXBuildFile; fileRef = A83F37B127AE875500766A40 /* FriendTableViewCell.swift */; };
		A83F37BC27AE875500766A40 /* UserInstance.swift in Sources */ = {isa = PBXBuildFile; fileRef = A83F37B327AE875500766A40 /* UserInstance.swift */; };
		A83F37BD27AE875500766A40 /* MessageService.swift in Sources */ = {isa = PBXBuildFile; fileRef = A83F37B427AE875500766A40 /* MessageService.swift */; };
		A83F37BE27AE875500766A40 /* Models.swift in Sources */ = {isa = PBXBuildFile; fileRef = A83F37B627AE875500766A40 /* Models.swift */; };
/* End PBXBuildFile section */

/* Begin PBXFileReference section */
		A83F378927AE817300766A40 /* SelfMessenger.app */ = {isa = PBXFileReference; explicitFileType = wrapper.application; includeInIndex = 0; path = SelfMessenger.app; sourceTree = BUILT_PRODUCTS_DIR; };
		A83F378C27AE817300766A40 /* AppDelegate.swift */ = {isa = PBXFileReference; lastKnownFileType = sourcecode.swift; path = AppDelegate.swift; sourceTree = "<group>"; };
		A83F378E27AE817300766A40 /* SceneDelegate.swift */ = {isa = PBXFileReference; lastKnownFileType = sourcecode.swift; path = SceneDelegate.swift; sourceTree = "<group>"; };
		A83F379327AE817300766A40 /* Base */ = {isa = PBXFileReference; lastKnownFileType = file.storyboard; name = Base; path = Base.lproj/Main.storyboard; sourceTree = "<group>"; };
		A83F379527AE817400766A40 /* Assets.xcassets */ = {isa = PBXFileReference; lastKnownFileType = folder.assetcatalog; path = Assets.xcassets; sourceTree = "<group>"; };
		A83F379827AE817400766A40 /* Base */ = {isa = PBXFileReference; lastKnownFileType = file.storyboard; name = Base; path = Base.lproj/LaunchScreen.storyboard; sourceTree = "<group>"; };
		A83F379A27AE817400766A40 /* Info.plist */ = {isa = PBXFileReference; lastKnownFileType = text.plist.xml; path = Info.plist; sourceTree = "<group>"; };
		A83F37AB27AE875500766A40 /* chat_mock.json */ = {isa = PBXFileReference; fileEncoding = 4; lastKnownFileType = text.json; path = chat_mock.json; sourceTree = "<group>"; };
		A83F37AD27AE875500766A40 /* ChatViewController.swift */ = {isa = PBXFileReference; fileEncoding = 4; lastKnownFileType = sourcecode.swift; path = ChatViewController.swift; sourceTree = "<group>"; };
		A83F37AE27AE875500766A40 /* ChatListViewController.swift */ = {isa = PBXFileReference; fileEncoding = 4; lastKnownFileType = sourcecode.swift; path = ChatListViewController.swift; sourceTree = "<group>"; };
		A83F37B027AE875500766A40 /* ChatTableViewCell.swift */ = {isa = PBXFileReference; fileEncoding = 4; lastKnownFileType = sourcecode.swift; path = ChatTableViewCell.swift; sourceTree = "<group>"; };
		A83F37B127AE875500766A40 /* FriendTableViewCell.swift */ = {isa = PBXFileReference; fileEncoding = 4; lastKnownFileType = sourcecode.swift; path = FriendTableViewCell.swift; sourceTree = "<group>"; };
		A83F37B327AE875500766A40 /* UserInstance.swift */ = {isa = PBXFileReference; fileEncoding = 4; lastKnownFileType = sourcecode.swift; path = UserInstance.swift; sourceTree = "<group>"; };
		A83F37B427AE875500766A40 /* MessageService.swift */ = {isa = PBXFileReference; fileEncoding = 4; lastKnownFileType = sourcecode.swift; path = MessageService.swift; sourceTree = "<group>"; };
		A83F37B627AE875500766A40 /* Models.swift */ = {isa = PBXFileReference; fileEncoding = 4; lastKnownFileType = sourcecode.swift; path = Models.swift; sourceTree = "<group>"; };
		B7C81A6F175B54E291AC849C /* Pods-SelfMessenger.release.xcconfig */ = {isa = PBXFileReference; includeInIndex = 1; lastKnownFileType = text.xcconfig; name = "Pods-SelfMessenger.release.xcconfig"; path = "Target Support Files/Pods-SelfMessenger/Pods-SelfMessenger.release.xcconfig"; sourceTree = "<group>"; };
		DAE5058FB0753FDB02785909 /* Pods_SelfMessenger.framework */ = {isa = PBXFileReference; explicitFileType = wrapper.framework; includeInIndex = 0; path = Pods_SelfMessenger.framework; sourceTree = BUILT_PRODUCTS_DIR; };
		FD27924E1C52936F64A0BA92 /* Pods-SelfMessenger.debug.xcconfig */ = {isa = PBXFileReference; includeInIndex = 1; lastKnownFileType = text.xcconfig; name = "Pods-SelfMessenger.debug.xcconfig"; path = "Target Support Files/Pods-SelfMessenger/Pods-SelfMessenger.debug.xcconfig"; sourceTree = "<group>"; };
/* End PBXFileReference section */

/* Begin PBXFrameworksBuildPhase section */
		A83F378627AE817300766A40 /* Frameworks */ = {
			isa = PBXFrameworksBuildPhase;
			buildActionMask = 2147483647;
			files = (
				0A674129E5923BB055B41263 /* Pods_SelfMessenger.framework in Frameworks */,
			);
			runOnlyForDeploymentPostprocessing = 0;
		};
/* End PBXFrameworksBuildPhase section */

/* Begin PBXGroup section */
		693AD6E4F694B63FB76B80F5 /* Pods */ = {
			isa = PBXGroup;
			children = (
				FD27924E1C52936F64A0BA92 /* Pods-SelfMessenger.debug.xcconfig */,
				B7C81A6F175B54E291AC849C /* Pods-SelfMessenger.release.xcconfig */,
			);
			path = Pods;
			sourceTree = "<group>";
		};
		6E91AAA0BA89AC8C6E3B60E2 /* Frameworks */ = {
			isa = PBXGroup;
			children = (
				DAE5058FB0753FDB02785909 /* Pods_SelfMessenger.framework */,
			);
			name = Frameworks;
			sourceTree = "<group>";
		};
		A83F378027AE817300766A40 = {
			isa = PBXGroup;
			children = (
				A83F378B27AE817300766A40 /* SelfMessenger */,
				A83F378A27AE817300766A40 /* Products */,
				693AD6E4F694B63FB76B80F5 /* Pods */,
				6E91AAA0BA89AC8C6E3B60E2 /* Frameworks */,
			);
			sourceTree = "<group>";
		};
		A83F378A27AE817300766A40 /* Products */ = {
			isa = PBXGroup;
			children = (
				A83F378927AE817300766A40 /* SelfMessenger.app */,
			);
			name = Products;
			sourceTree = "<group>";
		};
		A83F378B27AE817300766A40 /* SelfMessenger */ = {
			isa = PBXGroup;
			children = (
				A83F37AA27AE875500766A40 /* Mocks */,
				A83F37B527AE875500766A40 /* Models */,
				A83F37B227AE875500766A40 /* Services */,
				A83F37AC27AE875500766A40 /* ViewControllers */,
				A83F37AF27AE875500766A40 /* Views */,
				A83F378C27AE817300766A40 /* AppDelegate.swift */,
				A83F378E27AE817300766A40 /* SceneDelegate.swift */,
				A83F379227AE817300766A40 /* Main.storyboard */,
				A83F379527AE817400766A40 /* Assets.xcassets */,
				A83F379727AE817400766A40 /* LaunchScreen.storyboard */,
				A83F379A27AE817400766A40 /* Info.plist */,
			);
			path = SelfMessenger;
			sourceTree = "<group>";
		};
		A83F37AA27AE875500766A40 /* Mocks */ = {
			isa = PBXGroup;
			children = (
				A83F37AB27AE875500766A40 /* chat_mock.json */,
			);
			path = Mocks;
			sourceTree = "<group>";
		};
		A83F37AC27AE875500766A40 /* ViewControllers */ = {
			isa = PBXGroup;
			children = (
				A83F37AD27AE875500766A40 /* ChatViewController.swift */,
				A83F37AE27AE875500766A40 /* ChatListViewController.swift */,
			);
			path = ViewControllers;
			sourceTree = "<group>";
		};
		A83F37AF27AE875500766A40 /* Views */ = {
			isa = PBXGroup;
			children = (
				A83F37B027AE875500766A40 /* ChatTableViewCell.swift */,
				A83F37B127AE875500766A40 /* FriendTableViewCell.swift */,
			);
			path = Views;
			sourceTree = "<group>";
		};
		A83F37B227AE875500766A40 /* Services */ = {
			isa = PBXGroup;
			children = (
				A83F37B327AE875500766A40 /* UserInstance.swift */,
				A83F37B427AE875500766A40 /* MessageService.swift */,
			);
			path = Services;
			sourceTree = "<group>";
		};
		A83F37B527AE875500766A40 /* Models */ = {
			isa = PBXGroup;
			children = (
				A83F37B627AE875500766A40 /* Models.swift */,
			);
			path = Models;
			sourceTree = "<group>";
		};
/* End PBXGroup section */

/* Begin PBXNativeTarget section */
		A83F378827AE817300766A40 /* SelfMessenger */ = {
			isa = PBXNativeTarget;
			buildConfigurationList = A83F379D27AE817400766A40 /* Build configuration list for PBXNativeTarget "SelfMessenger" */;
			buildPhases = (
				687CA9CD840A3813CE3C1FA9 /* [CP] Check Pods Manifest.lock */,
				A83F378527AE817300766A40 /* Sources */,
				A83F378627AE817300766A40 /* Frameworks */,
				A83F378727AE817300766A40 /* Resources */,
				9465BEED9B2E005A8E867712 /* [CP] Embed Pods Frameworks */,
			);
			buildRules = (
			);
			dependencies = (
			);
			name = SelfMessenger;
			productName = SelfMessenger;
			productReference = A83F378927AE817300766A40 /* SelfMessenger.app */;
			productType = "com.apple.product-type.application";
		};
/* End PBXNativeTarget section */

/* Begin PBXProject section */
		A83F378127AE817300766A40 /* Project object */ = {
			isa = PBXProject;
			attributes = {
				BuildIndependentTargetsInParallel = 1;
				LastSwiftUpdateCheck = 1320;
				LastUpgradeCheck = 1320;
				TargetAttributes = {
					A83F378827AE817300766A40 = {
						CreatedOnToolsVersion = 13.2.1;
					};
				};
			};
			buildConfigurationList = A83F378427AE817300766A40 /* Build configuration list for PBXProject "SelfMessenger" */;
			compatibilityVersion = "Xcode 13.0";
			developmentRegion = en;
			hasScannedForEncodings = 0;
			knownRegions = (
				en,
				Base,
			);
			mainGroup = A83F378027AE817300766A40;
			productRefGroup = A83F378A27AE817300766A40 /* Products */;
			projectDirPath = "";
			projectRoot = "";
			targets = (
				A83F378827AE817300766A40 /* SelfMessenger */,
			);
		};
/* End PBXProject section */

/* Begin PBXResourcesBuildPhase section */
		A83F378727AE817300766A40 /* Resources */ = {
			isa = PBXResourcesBuildPhase;
			buildActionMask = 2147483647;
			files = (
				A83F379927AE817400766A40 /* LaunchScreen.storyboard in Resources */,
				A83F379627AE817400766A40 /* Assets.xcassets in Resources */,
				A83F379427AE817300766A40 /* Main.storyboard in Resources */,
				A83F37B727AE875500766A40 /* chat_mock.json in Resources */,
			);
			runOnlyForDeploymentPostprocessing = 0;
		};
/* End PBXResourcesBuildPhase section */

/* Begin PBXShellScriptBuildPhase section */
		687CA9CD840A3813CE3C1FA9 /* [CP] Check Pods Manifest.lock */ = {
			isa = PBXShellScriptBuildPhase;
			buildActionMask = 2147483647;
			files = (
			);
			inputFileListPaths = (
			);
			inputPaths = (
				"${PODS_PODFILE_DIR_PATH}/Podfile.lock",
				"${PODS_ROOT}/Manifest.lock",
			);
			name = "[CP] Check Pods Manifest.lock";
			outputFileListPaths = (
			);
			outputPaths = (
				"$(DERIVED_FILE_DIR)/Pods-SelfMessenger-checkManifestLockResult.txt",
			);
			runOnlyForDeploymentPostprocessing = 0;
			shellPath = /bin/sh;
			shellScript = "diff \"${PODS_PODFILE_DIR_PATH}/Podfile.lock\" \"${PODS_ROOT}/Manifest.lock\" > /dev/null\nif [ $? != 0 ] ; then\n    # print error to STDERR\n    echo \"error: The sandbox is not in sync with the Podfile.lock. Run 'pod install' or update your CocoaPods installation.\" >&2\n    exit 1\nfi\n# This output is used by Xcode 'outputs' to avoid re-running this script phase.\necho \"SUCCESS\" > \"${SCRIPT_OUTPUT_FILE_0}\"\n";
			showEnvVarsInLog = 0;
		};
		9465BEED9B2E005A8E867712 /* [CP] Embed Pods Frameworks */ = {
			isa = PBXShellScriptBuildPhase;
			buildActionMask = 2147483647;
			files = (
			);
			inputFileListPaths = (
				"${PODS_ROOT}/Target Support Files/Pods-SelfMessenger/Pods-SelfMessenger-frameworks-${CONFIGURATION}-input-files.xcfilelist",
			);
			name = "[CP] Embed Pods Frameworks";
			outputFileListPaths = (
				"${PODS_ROOT}/Target Support Files/Pods-SelfMessenger/Pods-SelfMessenger-frameworks-${CONFIGURATION}-output-files.xcfilelist",
			);
			runOnlyForDeploymentPostprocessing = 0;
			shellPath = /bin/sh;
			shellScript = "\"${PODS_ROOT}/Target Support Files/Pods-SelfMessenger/Pods-SelfMessenger-frameworks.sh\"\n";
			showEnvVarsInLog = 0;
		};
/* End PBXShellScriptBuildPhase section */

/* Begin PBXSourcesBuildPhase section */
		A83F378527AE817300766A40 /* Sources */ = {
			isa = PBXSourcesBuildPhase;
			buildActionMask = 2147483647;
			files = (
				A83F37BC27AE875500766A40 /* UserInstance.swift in Sources */,
				A83F378D27AE817300766A40 /* AppDelegate.swift in Sources */,
				A83F37B827AE875500766A40 /* ChatViewController.swift in Sources */,
				A83F37BA27AE875500766A40 /* ChatTableViewCell.swift in Sources */,
				A83F37BB27AE875500766A40 /* FriendTableViewCell.swift in Sources */,
				A83F37BD27AE875500766A40 /* MessageService.swift in Sources */,
				A83F37BE27AE875500766A40 /* Models.swift in Sources */,
				A83F37B927AE875500766A40 /* ChatListViewController.swift in Sources */,
				A83F378F27AE817300766A40 /* SceneDelegate.swift in Sources */,
			);
			runOnlyForDeploymentPostprocessing = 0;
		};
/* End PBXSourcesBuildPhase section */

/* Begin PBXVariantGroup section */
		A83F379227AE817300766A40 /* Main.storyboard */ = {
			isa = PBXVariantGroup;
			children = (
				A83F379327AE817300766A40 /* Base */,
			);
			name = Main.storyboard;
			sourceTree = "<group>";
		};
		A83F379727AE817400766A40 /* LaunchScreen.storyboard */ = {
			isa = PBXVariantGroup;
			children = (
				A83F379827AE817400766A40 /* Base */,
			);
			name = LaunchScreen.storyboard;
			sourceTree = "<group>";
		};
/* End PBXVariantGroup section */

/* Begin XCBuildConfiguration section */
		A83F379B27AE817400766A40 /* Debug */ = {
			isa = XCBuildConfiguration;
			buildSettings = {
				ALWAYS_SEARCH_USER_PATHS = NO;
				CLANG_ANALYZER_NONNULL = YES;
				CLANG_ANALYZER_NUMBER_OBJECT_CONVERSION = YES_AGGRESSIVE;
				CLANG_CXX_LANGUAGE_STANDARD = "gnu++17";
				CLANG_CXX_LIBRARY = "libc++";
				CLANG_ENABLE_MODULES = YES;
				CLANG_ENABLE_OBJC_ARC = YES;
				CLANG_ENABLE_OBJC_WEAK = YES;
				CLANG_WARN_BLOCK_CAPTURE_AUTORELEASING = YES;
				CLANG_WARN_BOOL_CONVERSION = YES;
				CLANG_WARN_COMMA = YES;
				CLANG_WARN_CONSTANT_CONVERSION = YES;
				CLANG_WARN_DEPRECATED_OBJC_IMPLEMENTATIONS = YES;
				CLANG_WARN_DIRECT_OBJC_ISA_USAGE = YES_ERROR;
				CLANG_WARN_DOCUMENTATION_COMMENTS = YES;
				CLANG_WARN_EMPTY_BODY = YES;
				CLANG_WARN_ENUM_CONVERSION = YES;
				CLANG_WARN_INFINITE_RECURSION = YES;
				CLANG_WARN_INT_CONVERSION = YES;
				CLANG_WARN_NON_LITERAL_NULL_CONVERSION = YES;
				CLANG_WARN_OBJC_IMPLICIT_RETAIN_SELF = YES;
				CLANG_WARN_OBJC_LITERAL_CONVERSION = YES;
				CLANG_WARN_OBJC_ROOT_CLASS = YES_ERROR;
				CLANG_WARN_QUOTED_INCLUDE_IN_FRAMEWORK_HEADER = YES;
				CLANG_WARN_RANGE_LOOP_ANALYSIS = YES;
				CLANG_WARN_STRICT_PROTOTYPES = YES;
				CLANG_WARN_SUSPICIOUS_MOVE = YES;
				CLANG_WARN_UNGUARDED_AVAILABILITY = YES_AGGRESSIVE;
				CLANG_WARN_UNREACHABLE_CODE = YES;
				CLANG_WARN__DUPLICATE_METHOD_MATCH = YES;
				COPY_PHASE_STRIP = NO;
				DEBUG_INFORMATION_FORMAT = dwarf;
				ENABLE_STRICT_OBJC_MSGSEND = YES;
				ENABLE_TESTABILITY = YES;
				GCC_C_LANGUAGE_STANDARD = gnu11;
				GCC_DYNAMIC_NO_PIC = NO;
				GCC_NO_COMMON_BLOCKS = YES;
				GCC_OPTIMIZATION_LEVEL = 0;
				GCC_PREPROCESSOR_DEFINITIONS = (
					"DEBUG=1",
					"$(inherited)",
				);
				GCC_WARN_64_TO_32_BIT_CONVERSION = YES;
				GCC_WARN_ABOUT_RETURN_TYPE = YES_ERROR;
				GCC_WARN_UNDECLARED_SELECTOR = YES;
				GCC_WARN_UNINITIALIZED_AUTOS = YES_AGGRESSIVE;
				GCC_WARN_UNUSED_FUNCTION = YES;
				GCC_WARN_UNUSED_VARIABLE = YES;
				IPHONEOS_DEPLOYMENT_TARGET = 15.2;
				MTL_ENABLE_DEBUG_INFO = INCLUDE_SOURCE;
				MTL_FAST_MATH = YES;
				ONLY_ACTIVE_ARCH = YES;
				SDKROOT = iphoneos;
				SWIFT_ACTIVE_COMPILATION_CONDITIONS = DEBUG;
				SWIFT_OPTIMIZATION_LEVEL = "-Onone";
			};
			name = Debug;
		};
		A83F379C27AE817400766A40 /* Release */ = {
			isa = XCBuildConfiguration;
			buildSettings = {
				ALWAYS_SEARCH_USER_PATHS = NO;
				CLANG_ANALYZER_NONNULL = YES;
				CLANG_ANALYZER_NUMBER_OBJECT_CONVERSION = YES_AGGRESSIVE;
				CLANG_CXX_LANGUAGE_STANDARD = "gnu++17";
				CLANG_CXX_LIBRARY = "libc++";
				CLANG_ENABLE_MODULES = YES;
				CLANG_ENABLE_OBJC_ARC = YES;
				CLANG_ENABLE_OBJC_WEAK = YES;
				CLANG_WARN_BLOCK_CAPTURE_AUTORELEASING = YES;
				CLANG_WARN_BOOL_CONVERSION = YES;
				CLANG_WARN_COMMA = YES;
				CLANG_WARN_CONSTANT_CONVERSION = YES;
				CLANG_WARN_DEPRECATED_OBJC_IMPLEMENTATIONS = YES;
				CLANG_WARN_DIRECT_OBJC_ISA_USAGE = YES_ERROR;
				CLANG_WARN_DOCUMENTATION_COMMENTS = YES;
				CLANG_WARN_EMPTY_BODY = YES;
				CLANG_WARN_ENUM_CONVERSION = YES;
				CLANG_WARN_INFINITE_RECURSION = YES;
				CLANG_WARN_INT_CONVERSION = YES;
				CLANG_WARN_NON_LITERAL_NULL_CONVERSION = YES;
				CLANG_WARN_OBJC_IMPLICIT_RETAIN_SELF = YES;
				CLANG_WARN_OBJC_LITERAL_CONVERSION = YES;
				CLANG_WARN_OBJC_ROOT_CLASS = YES_ERROR;
				CLANG_WARN_QUOTED_INCLUDE_IN_FRAMEWORK_HEADER = YES;
				CLANG_WARN_RANGE_LOOP_ANALYSIS = YES;
				CLANG_WARN_STRICT_PROTOTYPES = YES;
				CLANG_WARN_SUSPICIOUS_MOVE = YES;
				CLANG_WARN_UNGUARDED_AVAILABILITY = YES_AGGRESSIVE;
				CLANG_WARN_UNREACHABLE_CODE = YES;
				CLANG_WARN__DUPLICATE_METHOD_MATCH = YES;
				COPY_PHASE_STRIP = NO;
				DEBUG_INFORMATION_FORMAT = "dwarf-with-dsym";
				ENABLE_NS_ASSERTIONS = NO;
				ENABLE_STRICT_OBJC_MSGSEND = YES;
				GCC_C_LANGUAGE_STANDARD = gnu11;
				GCC_NO_COMMON_BLOCKS = YES;
				GCC_WARN_64_TO_32_BIT_CONVERSION = YES;
				GCC_WARN_ABOUT_RETURN_TYPE = YES_ERROR;
				GCC_WARN_UNDECLARED_SELECTOR = YES;
				GCC_WARN_UNINITIALIZED_AUTOS = YES_AGGRESSIVE;
				GCC_WARN_UNUSED_FUNCTION = YES;
				GCC_WARN_UNUSED_VARIABLE = YES;
				IPHONEOS_DEPLOYMENT_TARGET = 15.2;
				MTL_ENABLE_DEBUG_INFO = NO;
				MTL_FAST_MATH = YES;
				SDKROOT = iphoneos;
				SWIFT_COMPILATION_MODE = wholemodule;
				SWIFT_OPTIMIZATION_LEVEL = "-O";
				VALIDATE_PRODUCT = YES;
			};
			name = Release;
		};
		A83F379E27AE817400766A40 /* Debug */ = {
			isa = XCBuildConfiguration;
			baseConfigurationReference = FD27924E1C52936F64A0BA92 /* Pods-SelfMessenger.debug.xcconfig */;
			buildSettings = {
				ASSETCATALOG_COMPILER_APPICON_NAME = AppIcon;
				ASSETCATALOG_COMPILER_GLOBAL_ACCENT_COLOR_NAME = AccentColor;
				CODE_SIGN_STYLE = Automatic;
				CURRENT_PROJECT_VERSION = 1;
				DEVELOPMENT_TEAM = KWT52B2348;
				GENERATE_INFOPLIST_FILE = YES;
				INFOPLIST_FILE = SelfMessenger/Info.plist;
				INFOPLIST_KEY_UIApplicationSupportsIndirectInputEvents = YES;
				INFOPLIST_KEY_UILaunchStoryboardName = LaunchScreen;
				INFOPLIST_KEY_UIMainStoryboardFile = Main;
				INFOPLIST_KEY_UISupportedInterfaceOrientations = UIInterfaceOrientationPortrait;
				INFOPLIST_KEY_UISupportedInterfaceOrientations_iPad = "UIInterfaceOrientationPortrait UIInterfaceOrientationPortraitUpsideDown UIInterfaceOrientationLandscapeLeft UIInterfaceOrientationLandscapeRight";
				INFOPLIST_KEY_UISupportedInterfaceOrientations_iPhone = "UIInterfaceOrientationPortrait UIInterfaceOrientationLandscapeLeft UIInterfaceOrientationLandscapeRight";
				LD_RUNPATH_SEARCH_PATHS = (
					"$(inherited)",
					"@executable_path/Frameworks",
				);
				MARKETING_VERSION = 1.0;
				PRODUCT_BUNDLE_IDENTIFIER = com.mrhangz.SelfMessenger;
				PRODUCT_NAME = "$(TARGET_NAME)";
				SWIFT_EMIT_LOC_STRINGS = YES;
				SWIFT_VERSION = 5.0;
				TARGETED_DEVICE_FAMILY = 1;
			};
			name = Debug;
		};
		A83F379F27AE817400766A40 /* Release */ = {
			isa = XCBuildConfiguration;
			baseConfigurationReference = B7C81A6F175B54E291AC849C /* Pods-SelfMessenger.release.xcconfig */;
			buildSettings = {
				ASSETCATALOG_COMPILER_APPICON_NAME = AppIcon;
				ASSETCATALOG_COMPILER_GLOBAL_ACCENT_COLOR_NAME = AccentColor;
				CODE_SIGN_STYLE = Automatic;
				CURRENT_PROJECT_VERSION = 1;
				DEVELOPMENT_TEAM = KWT52B2348;
				GENERATE_INFOPLIST_FILE = YES;
				INFOPLIST_FILE = SelfMessenger/Info.plist;
				INFOPLIST_KEY_UIApplicationSupportsIndirectInputEvents = YES;
				INFOPLIST_KEY_UILaunchStoryboardName = LaunchScreen;
				INFOPLIST_KEY_UIMainStoryboardFile = Main;
				INFOPLIST_KEY_UISupportedInterfaceOrientations = UIInterfaceOrientationPortrait;
				INFOPLIST_KEY_UISupportedInterfaceOrientations_iPad = "UIInterfaceOrientationPortrait UIInterfaceOrientationPortraitUpsideDown UIInterfaceOrientationLandscapeLeft UIInterfaceOrientationLandscapeRight";
				INFOPLIST_KEY_UISupportedInterfaceOrientations_iPhone = "UIInterfaceOrientationPortrait UIInterfaceOrientationLandscapeLeft UIInterfaceOrientationLandscapeRight";
				LD_RUNPATH_SEARCH_PATHS = (
					"$(inherited)",
					"@executable_path/Frameworks",
				);
				MARKETING_VERSION = 1.0;
				PRODUCT_BUNDLE_IDENTIFIER = com.mrhangz.SelfMessenger;
				PRODUCT_NAME = "$(TARGET_NAME)";
				SWIFT_EMIT_LOC_STRINGS = YES;
				SWIFT_VERSION = 5.0;
				TARGETED_DEVICE_FAMILY = 1;
			};
			name = Release;
		};
/* End XCBuildConfiguration section */

/* Begin XCConfigurationList section */
		A83F378427AE817300766A40 /* Build configuration list for PBXProject "SelfMessenger" */ = {
			isa = XCConfigurationList;
			buildConfigurations = (
				A83F379B27AE817400766A40 /* Debug */,
				A83F379C27AE817400766A40 /* Release */,
			);
			defaultConfigurationIsVisible = 0;
			defaultConfigurationName = Release;
		};
		A83F379D27AE817400766A40 /* Build configuration list for PBXNativeTarget "SelfMessenger" */ = {
			isa = XCConfigurationList;
			buildConfigurations = (
				A83F379E27AE817400766A40 /* Debug */,
				A83F379F27AE817400766A40 /* Release */,
			);
			defaultConfigurationIsVisible = 0;
			defaultConfigurationName = Release;
		};
/* End XCConfigurationList section */
	};
	rootObject = A83F378127AE817300766A40 /* Project object */;
}
